
Microsoft Visual Studio Solution File, Format Version 12.00
# Visual Studio 14
VisualStudioVersion = 14.0.24720.0
MinimumVisualStudioVersion = 10.0.40219.1
Project("{FAE04EC0-301F-11D3-BF4B-00C04F79EFBC}") = "Plugin.Calendars", "Plugin.Calendars\Plugin.Calendars.csproj", "{5BDCC376-157C-4173-8182-7E81E135C07B}"
EndProject
Project("{FAE04EC0-301F-11D3-BF4B-00C04F79EFBC}") = "Plugin.Calendars.Droid", "Plugin.Calendars.Droid\Plugin.Calendars.Droid.csproj", "{E4C634AC-3DF3-43F9-9D25-2EDCFCD43429}"
EndProject
Project("{FAE04EC0-301F-11D3-BF4B-00C04F79EFBC}") = "Plugin.Calendars.Touch", "Plugin.Calendars.Touch\Plugin.Calendars.Touch.csproj", "{49D5309A-22AB-44BE-8092-012EB226E25B}"
EndProject
Project("{FAE04EC0-301F-11D3-BF4B-00C04F79EFBC}") = "Plugin.Calendars.WinUniversal", "Plugin.Calendars.WinUniversal\Plugin.Calendars.WinUniversal.csproj", "{2C91B0F0-C367-4EB9-B65D-9E1B8DD60405}"
EndProject
Global
	GlobalSection(SolutionConfigurationPlatforms) = preSolution
		AppStore|Any CPU = AppStore|Any CPU
		AppStore|ARM = AppStore|ARM
		AppStore|x64 = AppStore|x64
		AppStore|x86 = AppStore|x86
		Debug|Any CPU = Debug|Any CPU
		Debug|ARM = Debug|ARM
		Debug|x64 = Debug|x64
		Debug|x86 = Debug|x86
		Release|Any CPU = Release|Any CPU
		Release|ARM = Release|ARM
		Release|x64 = Release|x64
		Release|x86 = Release|x86
	EndGlobalSection
	GlobalSection(ProjectConfigurationPlatforms) = postSolution
		{5BDCC376-157C-4173-8182-7E81E135C07B}.AppStore|Any CPU.ActiveCfg = Release|Any CPU
		{5BDCC376-157C-4173-8182-7E81E135C07B}.AppStore|Any CPU.Build.0 = Release|Any CPU
		{5BDCC376-157C-4173-8182-7E81E135C07B}.AppStore|ARM.ActiveCfg = Release|Any CPU
		{5BDCC376-157C-4173-8182-7E81E135C07B}.AppStore|ARM.Build.0 = Release|Any CPU
		{5BDCC376-157C-4173-8182-7E81E135C07B}.AppStore|x64.ActiveCfg = Release|Any CPU
		{5BDCC376-157C-4173-8182-7E81E135C07B}.AppStore|x64.Build.0 = Release|Any CPU
		{5BDCC376-157C-4173-8182-7E81E135C07B}.AppStore|x86.ActiveCfg = Release|Any CPU
		{5BDCC376-157C-4173-8182-7E81E135C07B}.AppStore|x86.Build.0 = Release|Any CPU
		{5BDCC376-157C-4173-8182-7E81E135C07B}.Debug|Any CPU.ActiveCfg = Debug|Any CPU
		{5BDCC376-157C-4173-8182-7E81E135C07B}.Debug|Any CPU.Build.0 = Debug|Any CPU
		{5BDCC376-157C-4173-8182-7E81E135C07B}.Debug|ARM.ActiveCfg = Debug|Any CPU
		{5BDCC376-157C-4173-8182-7E81E135C07B}.Debug|ARM.Build.0 = Debug|Any CPU
		{5BDCC376-157C-4173-8182-7E81E135C07B}.Debug|x64.ActiveCfg = Debug|Any CPU
		{5BDCC376-157C-4173-8182-7E81E135C07B}.Debug|x64.Build.0 = Debug|Any CPU
		{5BDCC376-157C-4173-8182-7E81E135C07B}.Debug|x86.ActiveCfg = Debug|Any CPU
		{5BDCC376-157C-4173-8182-7E81E135C07B}.Debug|x86.Build.0 = Debug|Any CPU
		{5BDCC376-157C-4173-8182-7E81E135C07B}.Release|Any CPU.ActiveCfg = Release|Any CPU
		{5BDCC376-157C-4173-8182-7E81E135C07B}.Release|Any CPU.Build.0 = Release|Any CPU
		{5BDCC376-157C-4173-8182-7E81E135C07B}.Release|ARM.ActiveCfg = Release|Any CPU
		{5BDCC376-157C-4173-8182-7E81E135C07B}.Release|ARM.Build.0 = Release|Any CPU
		{5BDCC376-157C-4173-8182-7E81E135C07B}.Release|x64.ActiveCfg = Release|Any CPU
		{5BDCC376-157C-4173-8182-7E81E135C07B}.Release|x64.Build.0 = Release|Any CPU
		{5BDCC376-157C-4173-8182-7E81E135C07B}.Release|x86.ActiveCfg = Release|Any CPU
		{5BDCC376-157C-4173-8182-7E81E135C07B}.Release|x86.Build.0 = Release|Any CPU
		{E4C634AC-3DF3-43F9-9D25-2EDCFCD43429}.AppStore|Any CPU.ActiveCfg = Release|Any CPU
		{E4C634AC-3DF3-43F9-9D25-2EDCFCD43429}.AppStore|Any CPU.Build.0 = Release|Any CPU
		{E4C634AC-3DF3-43F9-9D25-2EDCFCD43429}.AppStore|ARM.ActiveCfg = Release|Any CPU
		{E4C634AC-3DF3-43F9-9D25-2EDCFCD43429}.AppStore|ARM.Build.0 = Release|Any CPU
		{E4C634AC-3DF3-43F9-9D25-2EDCFCD43429}.AppStore|x64.ActiveCfg = Release|Any CPU
		{E4C634AC-3DF3-43F9-9D25-2EDCFCD43429}.AppStore|x64.Build.0 = Release|Any CPU
		{E4C634AC-3DF3-43F9-9D25-2EDCFCD43429}.AppStore|x86.ActiveCfg = Release|Any CPU
		{E4C634AC-3DF3-43F9-9D25-2EDCFCD43429}.AppStore|x86.Build.0 = Release|Any CPU
		{E4C634AC-3DF3-43F9-9D25-2EDCFCD43429}.Debug|Any CPU.ActiveCfg = Debug|Any CPU
		{E4C634AC-3DF3-43F9-9D25-2EDCFCD43429}.Debug|Any CPU.Build.0 = Debug|Any CPU
		{E4C634AC-3DF3-43F9-9D25-2EDCFCD43429}.Debug|ARM.ActiveCfg = Debug|Any CPU
		{E4C634AC-3DF3-43F9-9D25-2EDCFCD43429}.Debug|ARM.Build.0 = Debug|Any CPU
		{E4C634AC-3DF3-43F9-9D25-2EDCFCD43429}.Debug|x64.ActiveCfg = Debug|Any CPU
		{E4C634AC-3DF3-43F9-9D25-2EDCFCD43429}.Debug|x64.Build.0 = Debug|Any CPU
		{E4C634AC-3DF3-43F9-9D25-2EDCFCD43429}.Debug|x86.ActiveCfg = Debug|Any CPU
		{E4C634AC-3DF3-43F9-9D25-2EDCFCD43429}.Debug|x86.Build.0 = Debug|Any CPU
		{E4C634AC-3DF3-43F9-9D25-2EDCFCD43429}.Release|Any CPU.ActiveCfg = Release|Any CPU
		{E4C634AC-3DF3-43F9-9D25-2EDCFCD43429}.Release|Any CPU.Build.0 = Release|Any CPU
		{E4C634AC-3DF3-43F9-9D25-2EDCFCD43429}.Release|ARM.ActiveCfg = Release|Any CPU
		{E4C634AC-3DF3-43F9-9D25-2EDCFCD43429}.Release|ARM.Build.0 = Release|Any CPU
		{E4C634AC-3DF3-43F9-9D25-2EDCFCD43429}.Release|x64.ActiveCfg = Release|Any CPU
		{E4C634AC-3DF3-43F9-9D25-2EDCFCD43429}.Release|x64.Build.0 = Release|Any CPU
		{E4C634AC-3DF3-43F9-9D25-2EDCFCD43429}.Release|x86.ActiveCfg = Release|Any CPU
		{E4C634AC-3DF3-43F9-9D25-2EDCFCD43429}.Release|x86.Build.0 = Release|Any CPU
		{49D5309A-22AB-44BE-8092-012EB226E25B}.AppStore|Any CPU.ActiveCfg = AppStore|Any CPU
		{49D5309A-22AB-44BE-8092-012EB226E25B}.AppStore|Any CPU.Build.0 = AppStore|Any CPU
		{49D5309A-22AB-44BE-8092-012EB226E25B}.AppStore|ARM.ActiveCfg = AppStore|Any CPU
		{49D5309A-22AB-44BE-8092-012EB226E25B}.AppStore|ARM.Build.0 = AppStore|Any CPU
		{49D5309A-22AB-44BE-8092-012EB226E25B}.AppStore|x64.ActiveCfg = AppStore|Any CPU
		{49D5309A-22AB-44BE-8092-012EB226E25B}.AppStore|x64.Build.0 = AppStore|Any CPU
		{49D5309A-22AB-44BE-8092-012EB226E25B}.AppStore|x86.ActiveCfg = AppStore|Any CPU
		{49D5309A-22AB-44BE-8092-012EB226E25B}.AppStore|x86.Build.0 = AppStore|Any CPU
		{49D5309A-22AB-44BE-8092-012EB226E25B}.Debug|Any CPU.ActiveCfg = Debug|Any CPU
		{49D5309A-22AB-44BE-8092-012EB226E25B}.Debug|Any CPU.Build.0 = Debug|Any CPU
		{49D5309A-22AB-44BE-8092-012EB226E25B}.Debug|ARM.ActiveCfg = Debug|Any CPU
		{49D5309A-22AB-44BE-8092-012EB226E25B}.Debug|ARM.Build.0 = Debug|Any CPU
		{49D5309A-22AB-44BE-8092-012EB226E25B}.Debug|x64.ActiveCfg = Debug|Any CPU
		{49D5309A-22AB-44BE-8092-012EB226E25B}.Debug|x64.Build.0 = Debug|Any CPU
		{49D5309A-22AB-44BE-8092-012EB226E25B}.Debug|x86.ActiveCfg = Debug|Any CPU
		{49D5309A-22AB-44BE-8092-012EB226E25B}.Debug|x86.Build.0 = Debug|Any CPU
		{49D5309A-22AB-44BE-8092-012EB226E25B}.Release|Any CPU.ActiveCfg = Release|Any CPU
		{49D5309A-22AB-44BE-8092-012EB226E25B}.Release|Any CPU.Build.0 = Release|Any CPU
		{49D5309A-22AB-44BE-8092-012EB226E25B}.Release|ARM.ActiveCfg = Release|Any CPU
		{49D5309A-22AB-44BE-8092-012EB226E25B}.Release|ARM.Build.0 = Release|Any CPU
		{49D5309A-22AB-44BE-8092-012EB226E25B}.Release|x64.ActiveCfg = Release|Any CPU
		{49D5309A-22AB-44BE-8092-012EB226E25B}.Release|x64.Build.0 = Release|Any CPU
		{49D5309A-22AB-44BE-8092-012EB226E25B}.Release|x86.ActiveCfg = Release|Any CPU
		{49D5309A-22AB-44BE-8092-012EB226E25B}.Release|x86.Build.0 = Release|Any CPU
		{2C91B0F0-C367-4EB9-B65D-9E1B8DD60405}.AppStore|Any CPU.ActiveCfg = Release|Any CPU
		{2C91B0F0-C367-4EB9-B65D-9E1B8DD60405}.AppStore|Any CPU.Build.0 = Release|Any CPU
		{2C91B0F0-C367-4EB9-B65D-9E1B8DD60405}.AppStore|ARM.ActiveCfg = Release|ARM
		{2C91B0F0-C367-4EB9-B65D-9E1B8DD60405}.AppStore|ARM.Build.0 = Release|ARM
		{2C91B0F0-C367-4EB9-B65D-9E1B8DD60405}.AppStore|x64.ActiveCfg = Release|x64
		{2C91B0F0-C367-4EB9-B65D-9E1B8DD60405}.AppStore|x64.Build.0 = Release|x64
		{2C91B0F0-C367-4EB9-B65D-9E1B8DD60405}.AppStore|x86.ActiveCfg = Release|x86
		{2C91B0F0-C367-4EB9-B65D-9E1B8DD60405}.AppStore|x86.Build.0 = Release|x86
		{2C91B0F0-C367-4EB9-B65D-9E1B8DD60405}.Debug|Any CPU.ActiveCfg = Debug|Any CPU
		{2C91B0F0-C367-4EB9-B65D-9E1B8DD60405}.Debug|Any CPU.Build.0 = Debug|Any CPU
		{2C91B0F0-C367-4EB9-B65D-9E1B8DD60405}.Debug|ARM.ActiveCfg = Debug|ARM
		{2C91B0F0-C367-4EB9-B65D-9E1B8DD60405}.Debug|ARM.Build.0 = Debug|ARM
		{2C91B0F0-C367-4EB9-B65D-9E1B8DD60405}.Debug|x64.ActiveCfg = Debug|x64
		{2C91B0F0-C367-4EB9-B65D-9E1B8DD60405}.Debug|x64.Build.0 = Debug|x64
		{2C91B0F0-C367-4EB9-B65D-9E1B8DD60405}.Debug|x86.ActiveCfg = Debug|x86
		{2C91B0F0-C367-4EB9-B65D-9E1B8DD60405}.Debug|x86.Build.0 = Debug|x86
		{2C91B0F0-C367-4EB9-B65D-9E1B8DD60405}.Release|Any CPU.ActiveCfg = Release|Any CPU
		{2C91B0F0-C367-4EB9-B65D-9E1B8DD60405}.Release|Any CPU.Build.0 = Release|Any CPU
		{2C91B0F0-C367-4EB9-B65D-9E1B8DD60405}.Release|ARM.ActiveCfg = Release|ARM
		{2C91B0F0-C367-4EB9-B65D-9E1B8DD60405}.Release|ARM.Build.0 = Release|ARM
		{2C91B0F0-C367-4EB9-B65D-9E1B8DD60405}.Release|x64.ActiveCfg = Release|x64
		{2C91B0F0-C367-4EB9-B65D-9E1B8DD60405}.Release|x64.Build.0 = Release|x64
		{2C91B0F0-C367-4EB9-B65D-9E1B8DD60405}.Release|x86.ActiveCfg = Release|x86
		{2C91B0F0-C367-4EB9-B65D-9E1B8DD60405}.Release|x86.Build.0 = Release|x86
	EndGlobalSection
	GlobalSection(SolutionProperties) = preSolution
		HideSolutionNode = FALSE
	EndGlobalSection
EndGlobal
